{
  "version": "3",
  "remote": {
    "https://deno.land/std@0.217.0/assert/_constants.ts": "a271e8ef5a573f1df8e822a6eb9d09df064ad66a4390f21b3e31f820a38e0975",
    "https://deno.land/std@0.217.0/assert/_diff.ts": "dcc63d94ca289aec80644030cf88ccbf7acaa6fbd7b0f22add93616b36593840",
    "https://deno.land/std@0.217.0/assert/_format.ts": "0ba808961bf678437fb486b56405b6fefad2cf87b5809667c781ddee8c32aff4",
    "https://deno.land/std@0.217.0/assert/assert_equals.ts": "4497c56fe7d2993b0d447926702802fc0becb44e319079e8eca39b482ee01b4e",
    "https://deno.land/std@0.217.0/assert/assert_false.ts": "6f382568e5128c0f855e5f7dbda8624c1ed9af4fcc33ef4a9afeeedcdce99769",
    "https://deno.land/std@0.217.0/assert/assert_instance_of.ts": "72dc1faff1e248692d873c89382fa1579dd7b53b56d52f37f9874a75b11ba444",
    "https://deno.land/std@0.217.0/assert/assert_is_error.ts": "6596f2b5ba89ba2fe9b074f75e9318cda97a2381e59d476812e30077fbdb6ed2",
    "https://deno.land/std@0.217.0/assert/assert_match.ts": "ec2d9680ed3e7b9746ec57ec923a17eef6d476202f339ad91d22277d7f1d16e1",
    "https://deno.land/std@0.217.0/assert/assert_not_instance_of.ts": "8f720d92d83775c40b2542a8d76c60c2d4aeddaf8713c8d11df8984af2604931",
    "https://deno.land/std@0.217.0/assert/assert_not_match.ts": "b4b7c77f146963e2b673c1ce4846473703409eb93f5ab0eb60f6e6f8aeffe39f",
    "https://deno.land/std@0.217.0/assert/assert_not_strict_equals.ts": "da0b8ab60a45d5a9371088378e5313f624799470c3b54c76e8b8abeec40a77be",
    "https://deno.land/std@0.217.0/assert/assert_object_match.ts": "e85e5eef62a56ce364c3afdd27978ccab979288a3e772e6855c270a7b118fa49",
    "https://deno.land/std@0.217.0/assert/assert_strict_equals.ts": "0425a98f70badccb151644c902384c12771a93e65f8ff610244b8147b03a2366",
    "https://deno.land/std@0.217.0/assert/assertion_error.ts": "9f689a101ee586c4ce92f52fa7ddd362e86434ffdf1f848e45987dc7689976b8",
    "https://deno.land/std@0.217.0/assert/equal.ts": "fae5e8a52a11d3ac694bbe1a53e13a7969e3f60791262312e91a3e741ae519e2",
    "https://deno.land/std@0.217.0/encoding/_util.ts": "beacef316c1255da9bc8e95afb1fa56ed69baef919c88dc06ae6cb7a6103d376",
    "https://deno.land/std@0.217.0/encoding/base32.ts": "4b0a9697c9e4b76ecbc58c2e0b7af5ec97d582097b28827fe21330960a49b18f",
    "https://deno.land/std@0.217.0/expect/_assert_equals.ts": "2e6d2b4c2888a74603742d746bc4a79743ea3be29ffb0e6a41cf9e155cf30d33",
    "https://deno.land/std@0.217.0/expect/_assert_not_equals.ts": "1fed679bfe64621efa666e8da50dbbb6bcbaefbddd7e50d3502618b08cb21744",
    "https://deno.land/std@0.217.0/expect/_build_message.ts": "bbc60c18fd88ee4c78611b2952f38bfc1c75cf84a61a498f784b418ae76059cc",
    "https://deno.land/std@0.217.0/expect/_constants.ts": "751a014c4b803ad21287529d55d213d8b5eb34d203cca9509e4c9b84ced440a8",
    "https://deno.land/std@0.217.0/expect/_custom_equality_tester.ts": "27c3f9f8ebfd24475161cca9e27c1cfa3bdcecd312a190c6c8f8759d09c41f22",
    "https://deno.land/std@0.217.0/expect/_diff.ts": "dcc63d94ca289aec80644030cf88ccbf7acaa6fbd7b0f22add93616b36593840",
    "https://deno.land/std@0.217.0/expect/_equal.ts": "d4728bfabfd99d051914a18fac78ca2b38f6e0de2a831d5fc6308f8ab7fac41c",
    "https://deno.land/std@0.217.0/expect/_format.ts": "e456ee08d8255b34b8ff126be2d40adf3bbf695a7e2d82d0a9cd7bb223e40ddb",
    "https://deno.land/std@0.217.0/expect/_inspect_args.ts": "6cc9b3809e6f9671b35d0305d1ed7cc340b00b0455731b0b47b6c2ae707f8f27",
    "https://deno.land/std@0.217.0/expect/_matchers.ts": "11d1bb1859bef916ea9af87621bc10d3a3a9bbc39a20f7aab326e3c2e27a8e81",
    "https://deno.land/std@0.217.0/expect/_mock_util.ts": "7e79e07eb869ff71b96601ac76807c745465bd3c5a3df622abf44c28a0c4ca8c",
    "https://deno.land/std@0.217.0/expect/_types.ts": "5374a82d5bfc9e56bf1b0b45da563af4fc0cbb8a10eef513034bf546868151dd",
    "https://deno.land/std@0.217.0/expect/_utils.ts": "cbb3f2b416db95b9c40e83ea379ff0e96454f10fb494e58a036c06d1239cca6c",
    "https://deno.land/std@0.217.0/expect/expect.ts": "8d190dae444300c47b928fe83222b7199322c33f26e9a865cf43b1b3cf4ca844",
    "https://deno.land/std@0.217.0/expect/fn.ts": "95d85ec98077c7ba4ecfa922d258a7c5c62e88dbaf06fa36627713084f53a6b4",
    "https://deno.land/std@0.217.0/fmt/colors.ts": "d239d84620b921ea520125d778947881f62c50e78deef2657073840b8af9559a",
    "https://deno.land/std@0.217.0/path/_common/assert_path.ts": "dbdd757a465b690b2cc72fc5fb7698c51507dec6bfafce4ca500c46b76ff7bd8",
    "https://deno.land/std@0.217.0/path/_common/basename.ts": "569744855bc8445f3a56087fd2aed56bdad39da971a8d92b138c9913aecc5fa2",
    "https://deno.land/std@0.217.0/path/_common/constants.ts": "dc5f8057159f4b48cd304eb3027e42f1148cf4df1fb4240774d3492b5d12ac0c",
    "https://deno.land/std@0.217.0/path/_common/strip_trailing_separators.ts": "7024a93447efcdcfeaa9339a98fa63ef9d53de363f1fbe9858970f1bba02655a",
    "https://deno.land/std@0.217.0/path/_os.ts": "8fb9b90fb6b753bd8c77cfd8a33c2ff6c5f5bc185f50de8ca4ac6a05710b2c15",
    "https://deno.land/std@0.217.0/path/basename.ts": "5d341aadb7ada266e2280561692c165771d071c98746fcb66da928870cd47668",
    "https://deno.land/std@0.217.0/path/posix/_util.ts": "1e3937da30f080bfc99fe45d7ed23c47dd8585c5e473b2d771380d3a6937cf9d",
    "https://deno.land/std@0.217.0/path/posix/basename.ts": "39ee27a29f1f35935d3603ccf01d53f3d6e0c5d4d0f84421e65bd1afeff42843",
    "https://deno.land/std@0.217.0/path/windows/_util.ts": "d5f47363e5293fced22c984550d5e70e98e266cc3f31769e1710511803d04808",
    "https://deno.land/std@0.217.0/path/windows/basename.ts": "e2dbf31d1d6385bfab1ce38c333aa290b6d7ae9e0ecb8234a654e583cf22f8fe",
    "https://deno.land/std@0.220.0/assert/_constants.ts": "a271e8ef5a573f1df8e822a6eb9d09df064ad66a4390f21b3e31f820a38e0975",
    "https://deno.land/std@0.220.0/assert/_diff.ts": "4bf42969aa8b1a33aaf23eb8e478b011bfaa31b82d85d2ff4b5c4662d8780d2b",
    "https://deno.land/std@0.220.0/assert/_format.ts": "0ba808961bf678437fb486b56405b6fefad2cf87b5809667c781ddee8c32aff4",
    "https://deno.land/std@0.220.0/assert/assert_equals.ts": "4497c56fe7d2993b0d447926702802fc0becb44e319079e8eca39b482ee01b4e",
    "https://deno.land/std@0.220.0/assert/assert_false.ts": "6f382568e5128c0f855e5f7dbda8624c1ed9af4fcc33ef4a9afeeedcdce99769",
    "https://deno.land/std@0.220.0/assert/assert_instance_of.ts": "72dc1faff1e248692d873c89382fa1579dd7b53b56d52f37f9874a75b11ba444",
    "https://deno.land/std@0.220.0/assert/assert_is_error.ts": "6596f2b5ba89ba2fe9b074f75e9318cda97a2381e59d476812e30077fbdb6ed2",
    "https://deno.land/std@0.220.0/assert/assert_match.ts": "ec2d9680ed3e7b9746ec57ec923a17eef6d476202f339ad91d22277d7f1d16e1",
    "https://deno.land/std@0.220.0/assert/assert_not_instance_of.ts": "8f720d92d83775c40b2542a8d76c60c2d4aeddaf8713c8d11df8984af2604931",
    "https://deno.land/std@0.220.0/assert/assert_not_match.ts": "b4b7c77f146963e2b673c1ce4846473703409eb93f5ab0eb60f6e6f8aeffe39f",
    "https://deno.land/std@0.220.0/assert/assert_not_strict_equals.ts": "da0b8ab60a45d5a9371088378e5313f624799470c3b54c76e8b8abeec40a77be",
    "https://deno.land/std@0.220.0/assert/assert_object_match.ts": "e85e5eef62a56ce364c3afdd27978ccab979288a3e772e6855c270a7b118fa49",
    "https://deno.land/std@0.220.0/assert/assert_strict_equals.ts": "0425a98f70badccb151644c902384c12771a93e65f8ff610244b8147b03a2366",
    "https://deno.land/std@0.220.0/assert/assertion_error.ts": "9f689a101ee586c4ce92f52fa7ddd362e86434ffdf1f848e45987dc7689976b8",
    "https://deno.land/std@0.220.0/assert/equal.ts": "fae5e8a52a11d3ac694bbe1a53e13a7969e3f60791262312e91a3e741ae519e2",
    "https://deno.land/std@0.220.0/encoding/_util.ts": "beacef316c1255da9bc8e95afb1fa56ed69baef919c88dc06ae6cb7a6103d376",
    "https://deno.land/std@0.220.0/encoding/base32.ts": "5b5feb4ca7fd45a0baf202c5119277e702a43a2f933d675aa2b67d2f7780f6ee",
    "https://deno.land/std@0.220.0/expect/_assert_equals.ts": "08a5ba74c1c7ca51c4c2c33158509746c560777ad3cb8996a55d85a8d57c351c",
    "https://deno.land/std@0.220.0/expect/_assert_not_equals.ts": "f8c56aafbc12b2d49bb5e1478f02a3ae8a6fd884eff18ccbc899a94829eb1510",
    "https://deno.land/std@0.220.0/expect/_asymmetric_matchers.ts": "0096904089a11f0b9183f7eb7242aa67a39697072ae8121648964c97f11425f6",
    "https://deno.land/std@0.220.0/expect/_build_message.ts": "bef41b72d68c5f11c4bea867c118f7c4ca94ed0d1c00e601ed58ee08c857b534",
    "https://deno.land/std@0.220.0/expect/_constants.ts": "751a014c4b803ad21287529d55d213d8b5eb34d203cca9509e4c9b84ced440a8",
    "https://deno.land/std@0.220.0/expect/_custom_equality_tester.ts": "9426916863d2b740ae3ec74e2de5f2ec79d36bb1a62bdd5965a9b9543c8ee46d",
    "https://deno.land/std@0.220.0/expect/_diff.ts": "4bf42969aa8b1a33aaf23eb8e478b011bfaa31b82d85d2ff4b5c4662d8780d2b",
    "https://deno.land/std@0.220.0/expect/_equal.ts": "99d64abea24cc651df15d5401c20d0fd7b45c6b9e41eb555db590c16ff831c91",
    "https://deno.land/std@0.220.0/expect/_extend.ts": "ac8ab93dbe66bb2d0d356409e84e9b884babbc404c8a8d63be73509055ed16be",
    "https://deno.land/std@0.220.0/expect/_format.ts": "e456ee08d8255b34b8ff126be2d40adf3bbf695a7e2d82d0a9cd7bb223e40ddb",
    "https://deno.land/std@0.220.0/expect/_inspect_args.ts": "6cc9b3809e6f9671b35d0305d1ed7cc340b00b0455731b0b47b6c2ae707f8f27",
    "https://deno.land/std@0.220.0/expect/_matchers.ts": "a14db5f034dbf6f783481c4f2675e8adbeedcf6dbc7f8e914cf2a32a4fd84686",
    "https://deno.land/std@0.220.0/expect/_mock_util.ts": "7e79e07eb869ff71b96601ac76807c745465bd3c5a3df622abf44c28a0c4ca8c",
    "https://deno.land/std@0.220.0/expect/_types.ts": "2ca1780e46377cc10c886b96a9f796df5a82f08e545273729fdc2083a916357f",
    "https://deno.land/std@0.220.0/expect/_utils.ts": "fc45069227d1c5a04f642b9224f060017eb02923159a4848d79a7a3fcef53c55",
    "https://deno.land/std@0.220.0/expect/expect.ts": "2323174dcedcbd78a18e3722944196ffa3dadbc5e39e6af21109ebfeb65cc5bd",
    "https://deno.land/std@0.220.0/expect/fn.ts": "3b11d35a8d276c553a3a40df5da6ac21f207aa671a2143370b2f728449b1df22",
    "https://deno.land/std@0.220.0/fmt/colors.ts": "d239d84620b921ea520125d778947881f62c50e78deef2657073840b8af9559a",
    "https://deno.land/std@0.220.0/path/_common/assert_path.ts": "dbdd757a465b690b2cc72fc5fb7698c51507dec6bfafce4ca500c46b76ff7bd8",
    "https://deno.land/std@0.220.0/path/_common/basename.ts": "569744855bc8445f3a56087fd2aed56bdad39da971a8d92b138c9913aecc5fa2",
    "https://deno.land/std@0.220.0/path/_common/constants.ts": "dc5f8057159f4b48cd304eb3027e42f1148cf4df1fb4240774d3492b5d12ac0c",
    "https://deno.land/std@0.220.0/path/_common/strip_trailing_separators.ts": "7024a93447efcdcfeaa9339a98fa63ef9d53de363f1fbe9858970f1bba02655a",
    "https://deno.land/std@0.220.0/path/_os.ts": "8fb9b90fb6b753bd8c77cfd8a33c2ff6c5f5bc185f50de8ca4ac6a05710b2c15",
    "https://deno.land/std@0.220.0/path/basename.ts": "5d341aadb7ada266e2280561692c165771d071c98746fcb66da928870cd47668",
    "https://deno.land/std@0.220.0/path/posix/_util.ts": "1e3937da30f080bfc99fe45d7ed23c47dd8585c5e473b2d771380d3a6937cf9d",
    "https://deno.land/std@0.220.0/path/posix/basename.ts": "d2fa5fbbb1c5a3ab8b9326458a8d4ceac77580961b3739cd5bfd1d3541a3e5f0",
    "https://deno.land/std@0.220.0/path/windows/_util.ts": "d5f47363e5293fced22c984550d5e70e98e266cc3f31769e1710511803d04808",
    "https://deno.land/std@0.220.0/path/windows/basename.ts": "e2dbf31d1d6385bfab1ce38c333aa290b6d7ae9e0ecb8234a654e583cf22f8fe"
  }
}
