{
  "version": "3",
  "packages": {
    "specifiers": {
      "jsr:@libs/logger@2": "jsr:@libs/logger@2.1.1",
      "jsr:@libs/run@2": "jsr:@libs/run@2.0.2",
      "jsr:@libs/testing@2": "jsr:@libs/testing@2.2.3",
      "jsr:@std/assert@1": "jsr:@std/assert@1.0.2",
      "jsr:@std/assert@^1.0.1": "jsr:@std/assert@1.0.2",
      "jsr:@std/async@1": "jsr:@std/async@1.0.3",
      "jsr:@std/bytes@^1.0.2-rc.3": "jsr:@std/bytes@1.0.2",
      "jsr:@std/expect@1": "jsr:@std/expect@1.0.0",
      "jsr:@std/http@1": "jsr:@std/http@1.0.3",
      "jsr:@std/internal@^1.0.1": "jsr:@std/internal@1.0.1",
      "jsr:@std/streams@1": "jsr:@std/streams@1.0.2"
    },
    "jsr": {
      "@libs/logger@2.1.1": {
        "integrity": "508216c245aa7a13d55972cec6cf2ff45b341469334634a2748cd60c938677d6"
      },
      "@libs/run@2.0.2": {
        "integrity": "6a1ce6a5d0e162caf608918f11d1d2a79040ac90bbc0789af85d8911e356965c",
        "dependencies": [
          "jsr:@libs/logger@2",
          "jsr:@std/async@1",
          "jsr:@std/streams@1"
        ]
      },
      "@libs/testing@2.2.3": {
        "integrity": "1041b2db2979ce40a3f5e116a907eb6a4fc8acc5430ce0c137e29480a7111c3b",
        "dependencies": [
          "jsr:@libs/run@2",
          "jsr:@std/assert@1",
          "jsr:@std/expect@1",
          "jsr:@std/http@1"
        ]
      },
      "@std/assert@1.0.2": {
        "integrity": "ccacec332958126deaceb5c63ff8b4eaf9f5ed0eac9feccf124110435e59e49c",
        "dependencies": [
          "jsr:@std/internal@^1.0.1"
        ]
      },
      "@std/async@1.0.3": {
        "integrity": "6ed64678db43451683c6c176a21426a2ccd21ba0269ebb2c36133ede3f165792"
      },
      "@std/bytes@1.0.2": {
        "integrity": "fbdee322bbd8c599a6af186a1603b3355e59a5fb1baa139f8f4c3c9a1b3e3d57"
      },
      "@std/expect@1.0.0": {
        "integrity": "030275683c23d6708878c5439a3ffd99285948d708e00835fd38fcef9a0bb921",
        "dependencies": [
          "jsr:@std/assert@^1.0.1",
          "jsr:@std/internal@^1.0.1"
        ]
      },
      "@std/http@1.0.3": {
        "integrity": "bff3770c4df4711567de1711fe988d28db9535be0c9b0f1d2de8d0fb97e8b44c"
      },
      "@std/internal@1.0.1": {
        "integrity": "6f8c7544d06a11dd256c8d6ba54b11ed870aac6c5aeafff499892662c57673e6"
      },
      "@std/streams@1.0.2": {
        "integrity": "187c3c875675221f5355807a735e51b0f8769caade2cbca6d7f4fa710ea4ace4",
        "dependencies": [
          "jsr:@std/bytes@^1.0.2-rc.3"
        ]
      }
    }
  },
  "remote": {},
  "workspace": {
    "dependencies": [
      "jsr:@libs/testing@2"
    ]
  }
}
