{
  "version": "4",
  "specifiers": {
    "jsr:@libs/logger@3": "3.1.0",
    "jsr:@libs/run@3": "3.0.0",
    "jsr:@libs/testing@3": "3.0.1",
    "jsr:@std/assert@1": "1.0.6",
    "jsr:@std/assert@^1.0.6": "1.0.6",
    "jsr:@std/async@1": "1.0.6",
    "jsr:@std/bytes@^1.0.2": "1.0.2",
    "jsr:@std/expect@1": "1.0.5",
    "jsr:@std/fmt@1": "1.0.2",
    "jsr:@std/html@1": "1.0.3",
    "jsr:@std/http@1": "1.0.8",
    "jsr:@std/internal@^1.0.4": "1.0.4",
    "jsr:@std/streams@1": "1.0.7",
    "npm:highlight.js@11": "11.10.0"
  },
  "jsr": {
    "@libs/logger@3.1.0": {
      "integrity": "6d36122baa9b640474723e2f9d1d93347938dd001b48fa5716a5528c16654fe5"
    },
    "@libs/run@3.0.0": {
      "integrity": "cdb2252ef59668446c135de9cde55ae6264c11943626448d365766f0929d7132",
      "dependencies": [
        "jsr:@libs/logger",
        "jsr:@std/async",
        "jsr:@std/streams"
      ]
    },
    "@libs/testing@3.0.1": {
      "integrity": "97c7c5d8a8a8727c28fdbe29f7141a6ec9be787c016075b69967b56c57074e60",
      "dependencies": [
        "jsr:@libs/run",
        "jsr:@std/assert@1",
        "jsr:@std/expect",
        "jsr:@std/fmt",
        "jsr:@std/html",
        "jsr:@std/http",
        "npm:highlight.js"
      ]
    },
    "@std/assert@1.0.6": {
      "integrity": "1904c05806a25d94fe791d6d883b685c9e2dcd60e4f9fc30f4fc5cf010c72207",
      "dependencies": [
        "jsr:@std/internal"
      ]
    },
    "@std/async@1.0.6": {
      "integrity": "6d262156dd35c4a72ee1a2f8679be40264f370cfb92e2e13d4eca2ae05e16f34"
    },
    "@std/bytes@1.0.2": {
      "integrity": "fbdee322bbd8c599a6af186a1603b3355e59a5fb1baa139f8f4c3c9a1b3e3d57"
    },
    "@std/expect@1.0.5": {
      "integrity": "8c7ac797e2ffe57becc6399c0f2fd06230cb9ef124d45229c6e592c563824af1",
      "dependencies": [
        "jsr:@std/assert@^1.0.6",
        "jsr:@std/internal"
      ]
    },
    "@std/fmt@1.0.2": {
      "integrity": "87e9dfcdd3ca7c066e0c3c657c1f987c82888eb8103a3a3baa62684ffeb0f7a7"
    },
    "@std/html@1.0.3": {
      "integrity": "7a0ac35e050431fb49d44e61c8b8aac1ebd55937e0dc9ec6409aa4bab39a7988"
    },
    "@std/http@1.0.8": {
      "integrity": "6ea1b2e8d33929967754a3b6d6c6f399ad6647d7bbb5a466c1eaf9b294a6ebcd"
    },
    "@std/internal@1.0.4": {
      "integrity": "62e8e4911527e5e4f307741a795c0b0a9e6958d0b3790716ae71ce085f755422"
    },
    "@std/streams@1.0.7": {
      "integrity": "1a93917ca0c58c01b2bfb93647189229b1702677f169b6fb61ad6241cd2e499b",
      "dependencies": [
        "jsr:@std/bytes"
      ]
    }
  },
  "npm": {
    "highlight.js@11.10.0": {
      "integrity": "sha512-SYVnVFswQER+zu1laSya563s+F8VDGt7o35d4utbamowvUNLLMovFqwCLSocpZTz3MgaSRA1IbqRWZv97dtErQ=="
    }
  },
  "workspace": {
    "dependencies": [
      "jsr:@libs/testing@3"
    ]
  }
}
