{
  "version": "3",
  "packages": {
    "specifiers": {
      "jsr:@libs/logger@1": "jsr:@libs/logger@1.1.2",
      "jsr:@libs/run@1": "jsr:@libs/run@1.0.1",
      "jsr:@libs/testing@1": "jsr:@libs/testing@1.1.0",
      "jsr:@libs/typing@2": "jsr:@libs/typing@2.3.0",
      "jsr:@std/assert@^0.225.3": "jsr:@std/assert@0.225.3",
      "jsr:@std/async@0.224.1": "jsr:@std/async@0.224.1",
      "jsr:@std/bytes@^1.0.0-rc.3": "jsr:@std/bytes@1.0.1",
      "jsr:@std/bytes@^1.0.1-rc.3": "jsr:@std/bytes@1.0.1",
      "jsr:@std/expect@0.224.3": "jsr:@std/expect@0.224.3",
      "jsr:@std/internal@^1.0.0": "jsr:@std/internal@1.0.1",
      "jsr:@std/io@^0.224.0": "jsr:@std/io@0.224.3",
      "jsr:@std/path@0.225.1": "jsr:@std/path@0.225.1",
      "jsr:@std/streams@0.224.2": "jsr:@std/streams@0.224.2"
    },
    "jsr": {
      "@libs/logger@1.1.2": {
        "integrity": "7d718f54c9a5d1c00f570051bee0217e3b282e8c2131144ec55c794a8ebd5d4f"
      },
      "@libs/run@1.0.1": {
        "integrity": "b22b34ae7629179568c44efecb60f69310af013f65c96e447a5ee8743ff53f42",
        "dependencies": [
          "jsr:@libs/logger@1",
          "jsr:@std/async@0.224.1",
          "jsr:@std/streams@0.224.2"
        ]
      },
      "@libs/testing@1.1.0": {
        "integrity": "961fed690ee11a6f0f2cf8ed759b9b3a5c40ca24d319ba6c18cbbdaf73f1b29b",
        "dependencies": [
          "jsr:@libs/run@1",
          "jsr:@libs/typing@2",
          "jsr:@std/expect@0.224.3",
          "jsr:@std/path@0.225.1"
        ]
      },
      "@libs/typing@2.3.0": {
        "integrity": "8a03098b2d63763bc3b45b58f6e847d9c085405db83330c588aecb6b670587d0"
      },
      "@std/assert@0.225.3": {
        "integrity": "b3c2847aecf6955b50644cdb9cf072004ea3d1998dd7579fc0acb99dbb23bd4f",
        "dependencies": [
          "jsr:@std/internal@^1.0.0"
        ]
      },
      "@std/async@0.224.1": {
        "integrity": "2fda2c8151cc5811a6ca37fe825f1f71c95e02a374abb6ef868e0e19eca814a5"
      },
      "@std/bytes@1.0.1": {
        "integrity": "e57c9b243932b95a4c3672f8a038cdadea7492efeeb6b8a774844fee70426815"
      },
      "@std/expect@0.224.3": {
        "integrity": "eacd71aaa426472bf04ddde7e0765b0b360d3ffa33ad2ca05a96fd7052caea41",
        "dependencies": [
          "jsr:@std/assert@^0.225.3",
          "jsr:@std/internal@^1.0.0"
        ]
      },
      "@std/internal@1.0.1": {
        "integrity": "6f8c7544d06a11dd256c8d6ba54b11ed870aac6c5aeafff499892662c57673e6"
      },
      "@std/io@0.224.3": {
        "integrity": "b402edeb99c6b3778d9ae3e9927bc9085b170b41e5a09bbb7064ab2ee394ae2f",
        "dependencies": [
          "jsr:@std/bytes@^1.0.1-rc.3"
        ]
      },
      "@std/path@0.225.1": {
        "integrity": "8c3220635a73730eb51fe43de9e10b79e2724a5bb8638b9355d35ae012fd9429"
      },
      "@std/streams@0.224.2": {
        "integrity": "5d437af1423e4f616111b986ea783c15e0bc998b53e23e93b623de7ef0b14c2b",
        "dependencies": [
          "jsr:@std/assert@^0.225.3",
          "jsr:@std/bytes@^1.0.0-rc.3",
          "jsr:@std/io@^0.224.0"
        ]
      }
    }
  },
  "remote": {},
  "workspace": {
    "dependencies": [
      "jsr:@libs/testing@1"
    ]
  }
}
