{
  "version": "5",
  "specifiers": {
    "jsr:@std/internal@^1.0.14": "1.0.14",
    "jsr:@std/path@^1.1.4": "1.1.6",
    "jsr:@std/xml@~0.1.3": "0.1.3"
  },
  "jsr": {
    "@std/internal@1.0.14": {
      "integrity": "291516b3d4c35024d6ffbc0a9df5bf4c64116e05b50012cf846710152d2ffdf7"
    },
    "@std/path@1.1.6": {
      "integrity": "c68485c2a4dfbb5ae3cc74fae4e8c4e5d874cf8a8ed12927917235c758b46cbe",
      "dependencies": [
        "jsr:@std/internal"
      ]
    },
    "@std/xml@0.1.3": {
      "integrity": "afb7750d09f9f521046b27119d0e63f7aaad6eeb3d74e5f41fc04a9958014811"
    }
  },
  "workspace": {
    "dependencies": [
      "jsr:@std/path@^1.1.4"
    ],
    "packageJson": {
      "dependencies": [
        "npm:@jsr/std__path@^1.1.4"
      ]
    }
  }
}
