{
  "version": "4",
  "specifiers": {
    "jsr:@deno-libs/gql@3": "3.0.1",
    "jsr:@libs/logger@2": "2.1.4",
    "jsr:@libs/logger@3": "3.0.0",
    "jsr:@libs/run@2": "2.0.5",
    "jsr:@libs/testing@3": "3.0.0",
    "jsr:@libs/typing@2": "2.9.0",
    "jsr:@libs/typing@3": "3.0.0",
    "jsr:@std/assert@1": "1.0.6",
    "jsr:@std/assert@^1.0.6": "1.0.6",
    "jsr:@std/async@1": "1.0.4",
    "jsr:@std/bytes@^1.0.2": "1.0.2",
    "jsr:@std/expect@1": "1.0.4",
    "jsr:@std/fmt@1": "1.0.2",
    "jsr:@std/html@1": "1.0.3",
    "jsr:@std/http@0.224.5": "0.224.5",
    "jsr:@std/http@1": "1.0.7",
    "jsr:@std/internal@^1.0.4": "1.0.4",
    "jsr:@std/streams@1": "1.0.6",
    "jsr:@std/text@1": "1.0.4",
    "jsr:@std/ulid@1": "1.0.0",
    "npm:@graphql-tools/merge@9": "9.0.7_graphql@16.8.1",
    "npm:@graphql-tools/schema@10": "10.0.6_graphql@16.8.1",
    "npm:@graphql-tools/utils@10": "10.5.4_graphql@16.8.1",
    "npm:graphql-http@1.22.0": "1.22.0_graphql@16.8.1",
    "npm:graphql@16.8.1": "16.8.1",
    "npm:highlight.js@11": "11.10.0",
    "npm:xss@1.0.15": "1.0.15",
    "npm:zod-error@1": "1.5.0",
    "npm:zod-to-json-schema@3": "3.23.2_zod@3.23.8",
    "npm:zod@3": "3.23.8"
  },
  "jsr": {
    "@deno-libs/gql@3.0.1": {
      "integrity": "e58054ff26c2b4934d18ae537595999285fc363e901481afb42082975129f85c",
      "dependencies": [
        "jsr:@std/http@0.224.5",
        "npm:graphql",
        "npm:graphql-http",
        "npm:xss"
      ]
    },
    "@libs/logger@2.1.4": {
      "integrity": "47d100412f9c16b5752d670d7fb182a2dce2cda26a72896e0f69d3a2de35fa1f"
    },
    "@libs/logger@3.0.0": {
      "integrity": "c3372ddc9f057ab39248ba51c404984be779fe9d5d9a54ef548714fc2d5512ff"
    },
    "@libs/run@2.0.5": {
      "integrity": "6da09b6d9458a7f8134a113f7a70186742e6f759423a60f7037ca1001bbf1b78",
      "dependencies": [
        "jsr:@libs/logger@2",
        "jsr:@libs/typing@2",
        "jsr:@std/async",
        "jsr:@std/streams"
      ]
    },
    "@libs/testing@3.0.0": {
      "integrity": "514547988fadac36890692ccafc932546d9e27680df1b736dd7674ad2e7c9625",
      "dependencies": [
        "jsr:@libs/run",
        "jsr:@libs/typing@2",
        "jsr:@std/assert@1",
        "jsr:@std/expect",
        "jsr:@std/fmt",
        "jsr:@std/html",
        "jsr:@std/http@1",
        "npm:highlight.js"
      ]
    },
    "@libs/typing@2.9.0": {
      "integrity": "ddf35ea652b807cd9b19b4f3f163fb5d76d57299053753fbd01ba8b02d9306ad"
    },
    "@libs/typing@3.0.0": {
      "integrity": "f84ffbbdcbb6a02e6a527911b1399dc79f6ad213aec4ad0a86c95df4b353738f"
    },
    "@std/assert@1.0.6": {
      "integrity": "1904c05806a25d94fe791d6d883b685c9e2dcd60e4f9fc30f4fc5cf010c72207",
      "dependencies": [
        "jsr:@std/internal"
      ]
    },
    "@std/async@1.0.4": {
      "integrity": "373f5168a01b46ecaabc785d4e0f9ef18a010ab867af069fb905d93a9129ae5b"
    },
    "@std/bytes@1.0.2": {
      "integrity": "fbdee322bbd8c599a6af186a1603b3355e59a5fb1baa139f8f4c3c9a1b3e3d57"
    },
    "@std/expect@1.0.4": {
      "integrity": "97f68a445a9de0d9670200d2b7a19a7505a01b2cb390a983ba8d97d90ce30c4f",
      "dependencies": [
        "jsr:@std/assert@^1.0.6",
        "jsr:@std/internal"
      ]
    },
    "@std/fmt@1.0.2": {
      "integrity": "87e9dfcdd3ca7c066e0c3c657c1f987c82888eb8103a3a3baa62684ffeb0f7a7"
    },
    "@std/html@1.0.3": {
      "integrity": "7a0ac35e050431fb49d44e61c8b8aac1ebd55937e0dc9ec6409aa4bab39a7988"
    },
    "@std/http@0.224.5": {
      "integrity": "b03b5d1529f6c423badfb82f6640f9f2557b4034cd7c30655ba5bb447ff750a4"
    },
    "@std/http@1.0.7": {
      "integrity": "9b904fc256678a5c9759f1a53a24a3fdcc59d83dc62099bb472683b6f819194c"
    },
    "@std/internal@1.0.4": {
      "integrity": "62e8e4911527e5e4f307741a795c0b0a9e6958d0b3790716ae71ce085f755422"
    },
    "@std/streams@1.0.6": {
      "integrity": "022ed94e380d06b4d91c49eb70241b7289ab78b8c2b4c4bbb7eb265e4997c25c",
      "dependencies": [
        "jsr:@std/bytes"
      ]
    },
    "@std/text@1.0.4": {
      "integrity": "8f31643fbd61fcd1f12c58ba5f90a23f6df6fff27894ee907867f7f237f308e7"
    },
    "@std/ulid@1.0.0": {
      "integrity": "d41c3d27a907714413649fee864b7cde8d42ee68437d22b79d5de4f81d808780"
    }
  },
  "npm": {
    "@graphql-tools/merge@9.0.7_graphql@16.8.1": {
      "integrity": "sha512-lbTrIuXIbUSmSumHkPRY1QX0Z8JEtmRhnIrkH7vkfeEmf0kNn/nCWvJwqokm5U7L+a+DA1wlRM4slIlbfXjJBA==",
      "dependencies": [
        "@graphql-tools/utils",
        "graphql",
        "tslib"
      ]
    },
    "@graphql-tools/schema@10.0.6_graphql@16.8.1": {
      "integrity": "sha512-EIJgPRGzpvDFEjVp+RF1zNNYIC36BYuIeZ514jFoJnI6IdxyVyIRDLx/ykgMdaa1pKQerpfdqDnsF4JnZoDHSQ==",
      "dependencies": [
        "@graphql-tools/merge",
        "@graphql-tools/utils",
        "graphql",
        "tslib",
        "value-or-promise"
      ]
    },
    "@graphql-tools/utils@10.5.4_graphql@16.8.1": {
      "integrity": "sha512-XHnyCWSlg1ccsD8s0y6ugo5GZ5TpkTiFVNPSYms5G0s6Z/xTuSmiLBfeqgkfaCwLmLaQnRCmNDL2JRnqc2R5bQ==",
      "dependencies": [
        "@graphql-typed-document-node/core",
        "cross-inspect",
        "dset",
        "graphql",
        "tslib"
      ]
    },
    "@graphql-typed-document-node/core@3.2.0_graphql@16.8.1": {
      "integrity": "sha512-mB9oAsNCm9aM3/SOv4YtBMqZbYj10R7dkq8byBqxGY/ncFwhf2oQzMV+LCRlWoDSEBJ3COiR1yeDvMtsoOsuFQ==",
      "dependencies": [
        "graphql"
      ]
    },
    "commander@2.20.3": {
      "integrity": "sha512-GpVkmM8vF2vQUkj2LvZmD35JxeJOLCwJ9cUkugyk2nuhbv3+mJvpLYYt+0+USMxE+oj+ey/lJEnhZw75x/OMcQ=="
    },
    "cross-inspect@1.0.1": {
      "integrity": "sha512-Pcw1JTvZLSJH83iiGWt6fRcT+BjZlCDRVwYLbUcHzv/CRpB7r0MlSrGbIyQvVSNyGnbt7G4AXuyCiDR3POvZ1A==",
      "dependencies": [
        "tslib"
      ]
    },
    "cssfilter@0.0.10": {
      "integrity": "sha512-FAaLDaplstoRsDR8XGYH51znUN0UY7nMc6Z9/fvE8EXGwvJE9hu7W2vHwx1+bd6gCYnln9nLbzxFTrcO9YQDZw=="
    },
    "dset@3.1.3": {
      "integrity": "sha512-20TuZZHCEZ2O71q9/+8BwKwZ0QtD9D8ObhrihJPr+vLLYlSuAU3/zL4cSlgbfeoGHTjCSJBa7NGcrF9/Bx/WJQ=="
    },
    "graphql-http@1.22.0_graphql@16.8.1": {
      "integrity": "sha512-9RBUlGJWBFqz9LwfpmAbjJL/8j/HCNkZwPBU5+Bfmwez+1Ay43DocMNQYpIWsWqH0Ftv6PTNAh2aRnnMCBJgLw==",
      "dependencies": [
        "graphql"
      ]
    },
    "graphql@16.8.1": {
      "integrity": "sha512-59LZHPdGZVh695Ud9lRzPBVTtlX9ZCV150Er2W43ro37wVof0ctenSaskPPjN7lVTIN8mSZt8PHUNKZuNQUuxw=="
    },
    "highlight.js@11.10.0": {
      "integrity": "sha512-SYVnVFswQER+zu1laSya563s+F8VDGt7o35d4utbamowvUNLLMovFqwCLSocpZTz3MgaSRA1IbqRWZv97dtErQ=="
    },
    "tslib@2.7.0": {
      "integrity": "sha512-gLXCKdN1/j47AiHiOkJN69hJmcbGTHI0ImLmbYLHykhgeN0jVGola9yVjFgzCUklsZQMW55o+dW7IXv3RCXDzA=="
    },
    "value-or-promise@1.0.12": {
      "integrity": "sha512-Z6Uz+TYwEqE7ZN50gwn+1LCVo9ZVrpxRPOhOLnncYkY1ZzOYtrX8Fwf/rFktZ8R5mJms6EZf5TqNOMeZmnPq9Q=="
    },
    "xss@1.0.15": {
      "integrity": "sha512-FVdlVVC67WOIPvfOwhoMETV72f6GbW7aOabBC3WxN/oUdoEMDyLz4OgRv5/gck2ZeNqEQu+Tb0kloovXOfpYVg==",
      "dependencies": [
        "commander",
        "cssfilter"
      ]
    },
    "zod-error@1.5.0": {
      "integrity": "sha512-zzopKZ/skI9iXpqCEPj+iLCKl9b88E43ehcU+sbRoHuwGd9F1IDVGQ70TyO6kmfiRL1g4IXkjsXK+g1gLYl4WQ==",
      "dependencies": [
        "zod"
      ]
    },
    "zod-to-json-schema@3.23.2_zod@3.23.8": {
      "integrity": "sha512-uSt90Gzc/tUfyNqxnjlfBs8W6WSGpNBv0rVsNxP/BVSMHMKGdthPYff4xtCHYloJGM0CFxFsb3NbC0eqPhfImw==",
      "dependencies": [
        "zod"
      ]
    },
    "zod@3.23.8": {
      "integrity": "sha512-XBx9AXhXktjUqnepgTiE5flcKIYWi/rme0Eaj+5Y0lftuGBq+jyRu/md4WnuxqgP1ubdpNCsYEYPxrzVHD8d6g=="
    }
  },
  "workspace": {
    "dependencies": [
      "jsr:@deno-libs/gql@3",
      "jsr:@libs/logger@3",
      "jsr:@libs/testing@3",
      "jsr:@libs/typing@3",
      "jsr:@std/async@1",
      "jsr:@std/text@1",
      "jsr:@std/ulid@1",
      "npm:@graphql-tools/merge@9",
      "npm:@graphql-tools/schema@10",
      "npm:@graphql-tools/utils@10",
      "npm:graphql-tag@2",
      "npm:zod-error@1",
      "npm:zod-to-json-schema@3",
      "npm:zod@3"
    ]
  }
}
