{
  "version": "4",
  "specifiers": {
    "jsr:@libs/logger@2": "2.1.4",
    "jsr:@libs/run@2": "2.0.5",
    "jsr:@libs/typing@2": "2.9.0",
    "jsr:@std/assert@1": "1.0.6",
    "jsr:@std/assert@^1.0.6": "1.0.6",
    "jsr:@std/async@1": "1.0.5",
    "jsr:@std/bytes@^1.0.2": "1.0.2",
    "jsr:@std/expect@1": "1.0.4",
    "jsr:@std/fmt@1": "1.0.2",
    "jsr:@std/html@1": "1.0.3",
    "jsr:@std/http@1": "1.0.7",
    "jsr:@std/internal@^1.0.4": "1.0.4",
    "jsr:@std/path@1": "1.0.6",
    "jsr:@std/streams@1": "1.0.6",
    "npm:@jsr/libs__logger@^2.1.4": "2.1.4",
    "npm:@jsr/libs__run@^2.0.5": "2.0.5",
    "npm:@jsr/libs__typing@^2.9.0": "2.9.0",
    "npm:@jsr/std__assert@^1.0.6": "1.0.6",
    "npm:@jsr/std__async@^1.0.5": "1.0.5",
    "npm:@jsr/std__bytes@^1.0.2": "1.0.2",
    "npm:@jsr/std__expect@^1.0.4": "1.0.4",
    "npm:@jsr/std__fmt@^1.0.2": "1.0.2",
    "npm:@jsr/std__html@^1.0.3": "1.0.3",
    "npm:@jsr/std__http@^1.0.7": "1.0.7",
    "npm:@jsr/std__internal@^1.0.4": "1.0.4",
    "npm:@jsr/std__path@^1.0.6": "1.0.6",
    "npm:@jsr/std__streams@^1.0.6": "1.0.6",
    "npm:highlight.js@11": "11.10.0"
  },
  "jsr": {
    "@libs/logger@2.1.4": {
      "integrity": "47d100412f9c16b5752d670d7fb182a2dce2cda26a72896e0f69d3a2de35fa1f"
    },
    "@libs/run@2.0.5": {
      "integrity": "6da09b6d9458a7f8134a113f7a70186742e6f759423a60f7037ca1001bbf1b78",
      "dependencies": [
        "jsr:@libs/logger",
        "jsr:@libs/typing",
        "jsr:@std/async",
        "jsr:@std/streams"
      ]
    },
    "@libs/typing@2.9.0": {
      "integrity": "ddf35ea652b807cd9b19b4f3f163fb5d76d57299053753fbd01ba8b02d9306ad"
    },
    "@std/assert@1.0.6": {
      "integrity": "1904c05806a25d94fe791d6d883b685c9e2dcd60e4f9fc30f4fc5cf010c72207",
      "dependencies": [
        "jsr:@std/internal"
      ]
    },
    "@std/async@1.0.5": {
      "integrity": "31d68214bfbb31bd4c6022401d484e3964147c76c9220098baa703a39b6c2da6"
    },
    "@std/bytes@1.0.2": {
      "integrity": "fbdee322bbd8c599a6af186a1603b3355e59a5fb1baa139f8f4c3c9a1b3e3d57"
    },
    "@std/expect@1.0.4": {
      "integrity": "97f68a445a9de0d9670200d2b7a19a7505a01b2cb390a983ba8d97d90ce30c4f",
      "dependencies": [
        "jsr:@std/assert@^1.0.6",
        "jsr:@std/internal"
      ]
    },
    "@std/fmt@1.0.2": {
      "integrity": "87e9dfcdd3ca7c066e0c3c657c1f987c82888eb8103a3a3baa62684ffeb0f7a7"
    },
    "@std/html@1.0.3": {
      "integrity": "7a0ac35e050431fb49d44e61c8b8aac1ebd55937e0dc9ec6409aa4bab39a7988"
    },
    "@std/http@1.0.7": {
      "integrity": "9b904fc256678a5c9759f1a53a24a3fdcc59d83dc62099bb472683b6f819194c"
    },
    "@std/internal@1.0.4": {
      "integrity": "62e8e4911527e5e4f307741a795c0b0a9e6958d0b3790716ae71ce085f755422"
    },
    "@std/path@1.0.6": {
      "integrity": "ab2c55f902b380cf28e0eec501b4906e4c1960d13f00e11cfbcd21de15f18fed"
    },
    "@std/streams@1.0.6": {
      "integrity": "022ed94e380d06b4d91c49eb70241b7289ab78b8c2b4c4bbb7eb265e4997c25c",
      "dependencies": [
        "jsr:@std/bytes"
      ]
    }
  },
  "npm": {
    "@jsr/libs__logger@2.1.4": {
      "integrity": "sha512-gppVFhPz0015NS9zbQpes/QjY6YE09vfa0A1YDzl7PfHktW8yydlMwTgXScWjdR1aluy8QtrywGOKtrrx0c35Q=="
    },
    "@jsr/libs__run@2.0.5": {
      "integrity": "sha512-jGcimaLouiEOqZA+gqfKPZYAUh69xhsaXOF57idqUybjsYp6GAXtsYsxLttT/iclo+jywu0HmSMOUvcWEKFIjA==",
      "dependencies": [
        "@jsr/libs__logger",
        "@jsr/libs__typing",
        "@jsr/std__async",
        "@jsr/std__streams"
      ]
    },
    "@jsr/libs__typing@2.9.0": {
      "integrity": "sha512-pFeqxeyW/oAUPMdA8MkpYnYWx+rbXM/wHz/JczU0vPpEI3Ly9uPIPq/GQMdCZpQZE3QBFl2GoWnnS/DHK4P+rQ=="
    },
    "@jsr/std__assert@1.0.6": {
      "integrity": "sha512-lWRoX42lexkqLDxxVA6VG+zk++yiOI9udIqigeSpQu0N5ri6l665gkNLbisIAEDkiUg86FTRPb5sLdtUUNfkmg==",
      "dependencies": [
        "@jsr/std__internal"
      ]
    },
    "@jsr/std__async@1.0.5": {
      "integrity": "sha512-Z1WWIr3rs/2MAdB1R2Lgyezsr8ealY06nl2HptuI4HheJaq4cJGBTbpMnXKd39aOZAmGN49ly7WLX5GZQAC2XA=="
    },
    "@jsr/std__bytes@1.0.2": {
      "integrity": "sha512-bkZ1rllRB1qsxFbPqtO1VAYTW2+3ZDmf6pcy8xihKS33r0Z1ly6/E/5DoapnJsNy05LdnANUySWt5kj/awgGdg=="
    },
    "@jsr/std__cli@1.0.6": {
      "integrity": "sha512-aWfDn9Hsr8wGI1D0nX4o1ADCt93gerYy3bU7zXrlymxD1HXTWj3EfgOq2/cKmpcTmR/PWBensX4AnenprWb9cA=="
    },
    "@jsr/std__encoding@1.0.5": {
      "integrity": "sha512-blLadT0G3SiwsneatWsUwH5s+Sb+zSsQCgtHZlT+nQkoFci2OiErHx4XqdoFcwuz3IH6wOdPZqjhcSrbNS0jqA=="
    },
    "@jsr/std__expect@1.0.4": {
      "integrity": "sha512-79q/B8aSMVtwwQj5gr6mhhOT1p4qZXE88V9ZK4gfJCXIidvIe7ruRCEFhLGKkVlxI2Yij/zJjkJTqR5/G5HrRA==",
      "dependencies": [
        "@jsr/std__assert",
        "@jsr/std__internal"
      ]
    },
    "@jsr/std__fmt@1.0.2": {
      "integrity": "sha512-VGilBV5pwG+4nAuEt2ShJtbkfbIf8WgjyKQT+LCpubjILPygeBF3DL2gTsGM5khMLeWb0n46ZE7cnoWBqCuuRw=="
    },
    "@jsr/std__html@1.0.3": {
      "integrity": "sha512-yJrM4yMRZ3EQgzqR5oAP4xc4+QVo1GgimZ5NszA38quXCsFna0bEpl4heyosUtcDjuSYSdBGr5dKAQlfkQpZCQ=="
    },
    "@jsr/std__http@1.0.7": {
      "integrity": "sha512-9DPQm5XWJRBzHxuBiH8q2foKgPkRh8UgiNhLDDwT7tXaAS6Ne99Pn2kjHvHiXbSMDEyCVxBPOiW4mvCJEcIBhQ==",
      "dependencies": [
        "@jsr/std__cli",
        "@jsr/std__encoding",
        "@jsr/std__fmt",
        "@jsr/std__media-types",
        "@jsr/std__net",
        "@jsr/std__path",
        "@jsr/std__streams"
      ]
    },
    "@jsr/std__internal@1.0.4": {
      "integrity": "sha512-oPUgFN5+ogDYCFjCSQqqN1sH27VB544HsJKwuwuGkSkeawwNj8CQc7Z7znwYFm3Zoy3FhW+eXErSXgg42UytKw=="
    },
    "@jsr/std__media-types@1.0.3": {
      "integrity": "sha512-Y65G1lSFliesA9H7h3RaDFD6Z9q0xXFrnEoaOBaEnyKAjm3cewnY5XyzAj5gSnQNvSz6Z700ZV15NJpCfu/xlg=="
    },
    "@jsr/std__net@1.0.4": {
      "integrity": "sha512-KJGU8ZpQ70sMW2Zk+wU3wFUkggS9lTLfRFBygnV9VaK8KI+1ggiqtB06rH4a14CNRGM9y46Mn/ZCbQUd4Q45Jg=="
    },
    "@jsr/std__path@1.0.6": {
      "integrity": "sha512-A8WmQshHm5W5jN1OO24qH0VHWVv6vvmUzJiODKvvIUW1jNGVf04b86b9XWMoZPwlMEHq1mGgxWN9AuXY0CY2yg=="
    },
    "@jsr/std__streams@1.0.6": {
      "integrity": "sha512-dY+/k1K6AAp3xcygUthkl+6CwMA0f/bwMzRbK0SvTb/Ub6Ze7s2fQnux/e1k8N6T549RmRLEhgFp1hmj594kAQ==",
      "dependencies": [
        "@jsr/std__bytes"
      ]
    },
    "highlight.js@11.10.0": {
      "integrity": "sha512-SYVnVFswQER+zu1laSya563s+F8VDGt7o35d4utbamowvUNLLMovFqwCLSocpZTz3MgaSRA1IbqRWZv97dtErQ=="
    }
  },
  "workspace": {
    "dependencies": [
      "jsr:@libs/run@2",
      "jsr:@libs/typing@2",
      "jsr:@std/assert@1",
      "jsr:@std/expect@1",
      "jsr:@std/fmt@1",
      "jsr:@std/html@1",
      "jsr:@std/http@1",
      "jsr:@std/path@1"
    ],
    "packageJson": {
      "dependencies": [
        "npm:@jsr/libs__logger@^2.1.4",
        "npm:@jsr/libs__run@^2.0.5",
        "npm:@jsr/libs__typing@^2.9.0",
        "npm:@jsr/std__assert@^1.0.6",
        "npm:@jsr/std__async@^1.0.5",
        "npm:@jsr/std__bytes@^1.0.2",
        "npm:@jsr/std__expect@^1.0.4",
        "npm:@jsr/std__fmt@^1.0.2",
        "npm:@jsr/std__html@^1.0.3",
        "npm:@jsr/std__http@^1.0.7",
        "npm:@jsr/std__internal@^1.0.4",
        "npm:@jsr/std__path@^1.0.6",
        "npm:@jsr/std__streams@^1.0.6"
      ]
    }
  }
}
