{
  "version": "3",
  "packages": {
    "specifiers": {
      "jsr:@libs/logger@2": "jsr:@libs/logger@2.1.2",
      "jsr:@libs/run@2": "jsr:@libs/run@2.0.3",
      "jsr:@libs/testing@2": "jsr:@libs/testing@2.2.4",
      "jsr:@libs/typing@2": "jsr:@libs/typing@2.8.2",
      "jsr:@std/assert@1": "jsr:@std/assert@1.0.3",
      "jsr:@std/assert@^1.0.3": "jsr:@std/assert@1.0.3",
      "jsr:@std/async@1": "jsr:@std/async@1.0.4",
      "jsr:@std/bytes@^1.0.2": "jsr:@std/bytes@1.0.2",
      "jsr:@std/collections@1": "jsr:@std/collections@1.0.5",
      "jsr:@std/expect@1": "jsr:@std/expect@1.0.1",
      "jsr:@std/http@1": "jsr:@std/http@1.0.4",
      "jsr:@std/internal@^1.0.2": "jsr:@std/internal@1.0.2",
      "jsr:@std/streams@1": "jsr:@std/streams@1.0.3",
      "npm:@types/node": "npm:@types/node@18.16.19"
    },
    "jsr": {
      "@libs/logger@2.1.2": {
        "integrity": "2a5f4b148fd8d6b1221ff89cff73367ca0511137f4d6548c532b6e220ed22bcc"
      },
      "@libs/run@2.0.3": {
        "integrity": "77fe95cbfdc6c0855ab1bc5fb008ad4e37c6da848fd20ed8e88d98c3cf51eccb",
        "dependencies": [
          "jsr:@libs/logger@2",
          "jsr:@libs/typing@2",
          "jsr:@std/async@1",
          "jsr:@std/streams@1"
        ]
      },
      "@libs/testing@2.2.4": {
        "integrity": "3ef407b62cf18424b3e2e604eef5df81d3c07cf8adb4b78ab4cf40db2a029f2c",
        "dependencies": [
          "jsr:@libs/run@2",
          "jsr:@libs/typing@2",
          "jsr:@std/assert@1",
          "jsr:@std/expect@1",
          "jsr:@std/http@1"
        ]
      },
      "@libs/typing@2.8.2": {
        "integrity": "c53f8aad9b01621de893aeac5d6cd592ec2ce783f8e89b677dcd81490a3be0a0"
      },
      "@std/assert@1.0.3": {
        "integrity": "b0d03ce1ced880df67132eea140623010d415848df66f6aa5df76507ca7c26d8",
        "dependencies": [
          "jsr:@std/internal@^1.0.2"
        ]
      },
      "@std/async@1.0.4": {
        "integrity": "373f5168a01b46ecaabc785d4e0f9ef18a010ab867af069fb905d93a9129ae5b"
      },
      "@std/bytes@1.0.2": {
        "integrity": "fbdee322bbd8c599a6af186a1603b3355e59a5fb1baa139f8f4c3c9a1b3e3d57"
      },
      "@std/collections@1.0.5": {
        "integrity": "ab9eac23b57a0c0b89ba45134e61561f69f3d001f37235a248ed40be260c0c10"
      },
      "@std/expect@1.0.1": {
        "integrity": "44075d9c2cb701ddfc4d5a260da2fb26ba3cfd94c45d3a0359f63cabbf85a058",
        "dependencies": [
          "jsr:@std/assert@^1.0.3",
          "jsr:@std/internal@^1.0.2"
        ]
      },
      "@std/http@1.0.4": {
        "integrity": "1a8142217907d49c4687f90ef3d257e7df2baf344c5122c322d7316df09df453"
      },
      "@std/internal@1.0.2": {
        "integrity": "f4cabe2021352e8bfc24e6569700df87bf070914fc38d4b23eddd20108ac4495"
      },
      "@std/streams@1.0.3": {
        "integrity": "d62e645ab981cee2c3d03040eb03cf387fc6bceef6d4564f3ed485a43741a81f",
        "dependencies": [
          "jsr:@std/bytes@^1.0.2"
        ]
      }
    },
    "npm": {
      "@types/node@18.16.19": {
        "integrity": "sha512-IXl7o+R9iti9eBW4Wg2hx1xQDig183jj7YLn8F7udNceyfkbn1ZxmzZXuak20gR40D7pIkIY1kYGx5VIGbaHKA==",
        "dependencies": {}
      }
    }
  },
  "remote": {},
  "workspace": {
    "dependencies": [
      "jsr:@libs/testing@2",
      "jsr:@libs/typing@2",
      "jsr:@std/collections@1"
    ]
  }
}
