{
  "version": "3",
  "packages": {
    "specifiers": {
      "jsr:@libs/testing@1": "jsr:@libs/testing@1.0.7",
      "jsr:@libs/typing@2": "jsr:@libs/typing@2.1.0",
      "jsr:@std/assert@^0.224.0": "jsr:@std/assert@0.224.0",
      "jsr:@std/expect@0.224.0": "jsr:@std/expect@0.224.0",
      "jsr:@std/fmt@^0.224.0": "jsr:@std/fmt@0.224.0",
      "jsr:@std/internal@^0.224.0": "jsr:@std/internal@0.224.0",
      "jsr:@std/path@0.225.1": "jsr:@std/path@0.225.1",
      "npm:@types/node": "npm:@types/node@18.16.19"
    },
    "jsr": {
      "@libs/testing@1.0.7": {
        "integrity": "b1a7caa9d2e00569f90b9753eb768ec6b16ff5c859f104b73a6ef4611968892e",
        "dependencies": [
          "jsr:@libs/typing@2",
          "jsr:@std/expect@0.224.0",
          "jsr:@std/path@0.225.1"
        ]
      },
      "@libs/typing@2.1.0": {
        "integrity": "3c3b93e1da1e4bb45a22dde168fdfd1cc765edbdb371b46bf4ca7873ee79e15d"
      },
      "@std/assert@0.224.0": {
        "integrity": "8643233ec7aec38a940a8264a6e3eed9bfa44e7a71cc6b3c8874213ff401967f"
      },
      "@std/expect@0.224.0": {
        "integrity": "54bc071f7edcbd7bb4531f913e466e5ec3642f401dc3771fe5975f0693f25969",
        "dependencies": [
          "jsr:@std/assert@^0.224.0",
          "jsr:@std/fmt@^0.224.0",
          "jsr:@std/internal@^0.224.0"
        ]
      },
      "@std/fmt@0.224.0": {
        "integrity": "e20e9a2312a8b5393272c26191c0a68eda8d2c4b08b046bad1673148f1d69851"
      },
      "@std/internal@0.224.0": {
        "integrity": "afc50644f9cdf4495eeb80523a8f6d27226b4b36c45c7c195dfccad4b8509291"
      },
      "@std/path@0.225.1": {
        "integrity": "8c3220635a73730eb51fe43de9e10b79e2724a5bb8638b9355d35ae012fd9429"
      }
    },
    "npm": {
      "@types/node@18.16.19": {
        "integrity": "sha512-IXl7o+R9iti9eBW4Wg2hx1xQDig183jj7YLn8F7udNceyfkbn1ZxmzZXuak20gR40D7pIkIY1kYGx5VIGbaHKA==",
        "dependencies": {}
      }
    }
  },
  "remote": {},
  "workspace": {
    "dependencies": [
      "jsr:@libs/testing@1"
    ]
  }
}
