{
  "version": "3",
  "packages": {
    "specifiers": {
      "jsr:@libs/testing": "jsr:@libs/testing@1.0.3",
      "jsr:@libs/typing@1": "jsr:@libs/typing@1.0.2",
      "jsr:@std/assert@^0.225.2": "jsr:@std/assert@0.225.2",
      "jsr:@std/expect@0.224.1": "jsr:@std/expect@0.224.1",
      "jsr:@std/fmt": "jsr:@std/fmt@0.224.0",
      "jsr:@std/internal@^0.225.1": "jsr:@std/internal@0.225.1",
      "jsr:@std/path": "jsr:@std/path@0.225.1",
      "jsr:@std/path@0.225.1": "jsr:@std/path@0.225.1",
      "npm:@types/node": "npm:@types/node@18.16.19"
    },
    "jsr": {
      "@libs/testing@1.0.3": {
        "integrity": "f93f06f50b19cab456c5eafc8e3d5b9b8b7c587261e8fe7c3697bedb4153b6d1",
        "dependencies": [
          "jsr:@libs/typing@1",
          "jsr:@std/expect@0.224.1",
          "jsr:@std/path@0.225.1"
        ]
      },
      "@libs/typing@1.0.2": {
        "integrity": "1ee1221792cdb5403c9a719ba09961033d575d61b939887e86a95c586cb6a347"
      },
      "@std/assert@0.225.2": {
        "integrity": "6fd566c3ea01654d29c2b633298b7fc7599716336233852eb87e9843658fa192",
        "dependencies": [
          "jsr:@std/internal@^0.225.1"
        ]
      },
      "@std/expect@0.224.1": {
        "integrity": "64da324e38a9a67f0ed1f273ef11d90ba1f49d703153b50fc39838522836ddc3",
        "dependencies": [
          "jsr:@std/assert@^0.225.2",
          "jsr:@std/internal@^0.225.1"
        ]
      },
      "@std/fmt@0.224.0": {
        "integrity": "e20e9a2312a8b5393272c26191c0a68eda8d2c4b08b046bad1673148f1d69851"
      },
      "@std/internal@0.225.1": {
        "integrity": "7d8a812be88c2792f15ab9cf46911e521ccca50435948a8f24df5cefda96bde9"
      },
      "@std/path@0.225.1": {
        "integrity": "8c3220635a73730eb51fe43de9e10b79e2724a5bb8638b9355d35ae012fd9429"
      }
    },
    "npm": {
      "@types/node@18.16.19": {
        "integrity": "sha512-IXl7o+R9iti9eBW4Wg2hx1xQDig183jj7YLn8F7udNceyfkbn1ZxmzZXuak20gR40D7pIkIY1kYGx5VIGbaHKA==",
        "dependencies": {}
      }
    }
  },
  "remote": {},
  "workspace": {
    "dependencies": [
      "jsr:@libs/testing",
      "jsr:@std/fmt",
      "jsr:@std/path"
    ],
    "packageJson": {
      "dependencies": [
        "npm:@jsr/libs__testing@^1.0.3",
        "npm:@jsr/libs__typing@^1.0.2",
        "npm:@jsr/std__assert@^0.225.2",
        "npm:@jsr/std__expect@^0.224.1",
        "npm:@jsr/std__fmt@^0.225.1",
        "npm:@jsr/std__internal@^0.225.1",
        "npm:@jsr/std__path@^0.225.1"
      ]
    }
  }
}
