{
  "version": "3",
  "packages": {
    "specifiers": {
      "jsr:@std/fmt": "jsr:@std/fmt@0.225.2"
    },
    "jsr": {
      "@std/fmt@0.225.2": {
        "integrity": "8a2d157586372f9d5e74cdf0f463a828dee5d09d7de10e56394d8f20dbb5bf26"
      }
    }
  },
  "remote": {},
  "workspace": {
    "dependencies": [
      "jsr:@std/fmt"
    ]
  }
}
