{
  "version": "3",
  "packages": {
    "specifiers": {
      "jsr:@libs/logger@2": "jsr:@libs/logger@2.1.0",
      "jsr:@libs/run@2": "jsr:@libs/run@2.0.1",
      "jsr:@libs/testing@2": "jsr:@libs/testing@2.2.3",
      "jsr:@libs/typing@2": "jsr:@libs/typing@2.8.0",
      "jsr:@std/assert@1": "jsr:@std/assert@1.0.2",
      "jsr:@std/assert@^1.0.1": "jsr:@std/assert@1.0.2",
      "jsr:@std/async@0.224.2": "jsr:@std/async@0.224.2",
      "jsr:@std/async@1": "jsr:@std/async@1.0.2",
      "jsr:@std/bytes@^1.0.0-rc.3": "jsr:@std/bytes@1.0.2",
      "jsr:@std/bytes@^1.0.2-rc.3": "jsr:@std/bytes@1.0.2",
      "jsr:@std/expect@1": "jsr:@std/expect@1.0.0",
      "jsr:@std/fmt@1": "jsr:@std/fmt@1.0.0",
      "jsr:@std/http@1": "jsr:@std/http@1.0.0",
      "jsr:@std/internal@^1.0.1": "jsr:@std/internal@1.0.1",
      "jsr:@std/io@^0.224.1": "jsr:@std/io@0.224.4",
      "jsr:@std/streams@0.224.5": "jsr:@std/streams@0.224.5"
    },
    "jsr": {
      "@libs/logger@2.1.0": {
        "integrity": "2cd144c758044f34902360b0ae3705d022db19b3e183260f6f504f43c9869a4f"
      },
      "@libs/run@2.0.1": {
        "integrity": "634521fd6b4585cdfa97dd7fcb264413e3d336ac7376a4503b881c356798aa95",
        "dependencies": [
          "jsr:@libs/logger@2",
          "jsr:@libs/typing@2",
          "jsr:@std/async@0.224.2",
          "jsr:@std/streams@0.224.5"
        ]
      },
      "@libs/testing@2.2.3": {
        "integrity": "1041b2db2979ce40a3f5e116a907eb6a4fc8acc5430ce0c137e29480a7111c3b",
        "dependencies": [
          "jsr:@libs/run@2",
          "jsr:@libs/typing@2",
          "jsr:@std/assert@1",
          "jsr:@std/expect@1",
          "jsr:@std/http@1"
        ]
      },
      "@libs/typing@2.8.0": {
        "integrity": "92cb68fe9798fee525e810423c2346ee42a11b3d9955432c6a1d8e93a262aa39"
      },
      "@std/assert@1.0.2": {
        "integrity": "ccacec332958126deaceb5c63ff8b4eaf9f5ed0eac9feccf124110435e59e49c",
        "dependencies": [
          "jsr:@std/internal@^1.0.1"
        ]
      },
      "@std/async@0.224.2": {
        "integrity": "4d277d6e165df43d5e061ba0ef3edfddb8e8d558f5b920e3e6b1d2614b44d074"
      },
      "@std/async@1.0.2": {
        "integrity": "36e7f0f922c843b45df546857d269f01ed4d0406aced2a6639eac325b2435e43"
      },
      "@std/bytes@1.0.2": {
        "integrity": "fbdee322bbd8c599a6af186a1603b3355e59a5fb1baa139f8f4c3c9a1b3e3d57"
      },
      "@std/expect@1.0.0": {
        "integrity": "030275683c23d6708878c5439a3ffd99285948d708e00835fd38fcef9a0bb921",
        "dependencies": [
          "jsr:@std/assert@^1.0.1",
          "jsr:@std/internal@^1.0.1"
        ]
      },
      "@std/fmt@1.0.0": {
        "integrity": "8a95c9fdbb61559418ccbc0f536080cf43341655e1444f9d375a66886ceaaa3d"
      },
      "@std/http@1.0.0": {
        "integrity": "001812606b471c2d64799f14e5677bd26bfd029c35046eba0bddac1a49109789"
      },
      "@std/internal@1.0.1": {
        "integrity": "6f8c7544d06a11dd256c8d6ba54b11ed870aac6c5aeafff499892662c57673e6"
      },
      "@std/io@0.224.4": {
        "integrity": "bce1151765e4e70e376039fd72c71672b4d4aae363878a5ee3e58361b81197ec",
        "dependencies": [
          "jsr:@std/bytes@^1.0.2-rc.3"
        ]
      },
      "@std/streams@0.224.5": {
        "integrity": "bcde7818dd5460d474cdbd674b15f6638b9cd73cd64e52bd852fba2bd4d8ec91",
        "dependencies": [
          "jsr:@std/bytes@^1.0.0-rc.3",
          "jsr:@std/io@^0.224.1"
        ]
      }
    }
  },
  "remote": {},
  "workspace": {
    "dependencies": [
      "jsr:@libs/logger@2",
      "jsr:@libs/testing@2",
      "jsr:@libs/typing@2",
      "jsr:@std/async@1",
      "jsr:@std/fmt@1"
    ]
  }
}
