{
  "version": "3",
  "packages": {
    "specifiers": {
      "jsr:@libs/logger": "jsr:@libs/logger@2.0.1",
      "jsr:@libs/logger@1.1.3": "jsr:@libs/logger@1.1.3",
      "jsr:@libs/logger@2": "jsr:@libs/logger@2.0.1",
      "jsr:@libs/run@1": "jsr:@libs/run@1.0.3",
      "jsr:@libs/testing@2": "jsr:@libs/testing@2.0.0",
      "jsr:@libs/typing@2": "jsr:@libs/typing@2.6.0",
      "jsr:@std/assert@0.226.0": "jsr:@std/assert@0.226.0",
      "jsr:@std/assert@1.0.0-rc.2": "jsr:@std/assert@1.0.0-rc.2",
      "jsr:@std/async@0.224.2": "jsr:@std/async@0.224.2",
      "jsr:@std/bytes@^1.0.0-rc.3": "jsr:@std/bytes@1.0.1",
      "jsr:@std/bytes@^1.0.1-rc.3": "jsr:@std/bytes@1.0.1",
      "jsr:@std/expect@0.224.5": "jsr:@std/expect@0.224.5",
      "jsr:@std/http@0.224.5": "jsr:@std/http@0.224.5",
      "jsr:@std/internal@^1.0.0": "jsr:@std/internal@1.0.1",
      "jsr:@std/io@^0.224.1": "jsr:@std/io@0.224.3",
      "jsr:@std/path@0.225.2": "jsr:@std/path@0.225.2",
      "jsr:@std/streams@0.224.5": "jsr:@std/streams@0.224.5"
    },
    "jsr": {
      "@libs/logger@1.1.3": {
        "integrity": "a359d5ce4aa9f2508b1515ad6f48f41e9dfbc2250ebaa1fd9059930b3a9bab3a"
      },
      "@libs/logger@2.0.1": {
        "integrity": "b712d36396dfbd8018af092afdba919afc1f92062d11ce27a83724fe7eb22b13"
      },
      "@libs/run@1.0.3": {
        "integrity": "21eeabe1f8fdcc8d5ebb20e950bc8de3142eb74b6edaa2281572ce890ce1f5a0",
        "dependencies": [
          "jsr:@libs/logger@1.1.3",
          "jsr:@libs/typing@2",
          "jsr:@std/async@0.224.2",
          "jsr:@std/streams@0.224.5"
        ]
      },
      "@libs/testing@2.0.0": {
        "integrity": "a1cb40f127ec8ab3a37814beb13ff604b5aacbf9da633b413b243b7fcbd2309a",
        "dependencies": [
          "jsr:@libs/run@1",
          "jsr:@libs/typing@2",
          "jsr:@std/assert@0.226.0",
          "jsr:@std/expect@0.224.5",
          "jsr:@std/http@0.224.5",
          "jsr:@std/path@0.225.2"
        ]
      },
      "@libs/typing@2.6.0": {
        "integrity": "07a1ee52fa6d769d68d95d7310bac7dd608932c91760a0bc8a95ce6de3630603"
      },
      "@std/assert@0.226.0": {
        "integrity": "0dfb5f7c7723c18cec118e080fec76ce15b4c31154b15ad2bd74822603ef75b3",
        "dependencies": [
          "jsr:@std/internal@^1.0.0"
        ]
      },
      "@std/assert@1.0.0-rc.2": {
        "integrity": "0484eab1d76b55fca1c3beaff485a274e67dd3b9f065edcbe70030dfc0b964d3",
        "dependencies": [
          "jsr:@std/internal@^1.0.0"
        ]
      },
      "@std/async@0.224.2": {
        "integrity": "4d277d6e165df43d5e061ba0ef3edfddb8e8d558f5b920e3e6b1d2614b44d074"
      },
      "@std/bytes@1.0.1": {
        "integrity": "e57c9b243932b95a4c3672f8a038cdadea7492efeeb6b8a774844fee70426815"
      },
      "@std/expect@0.224.5": {
        "integrity": "ae6e57ee6f23a2fd5ae130cb84448eef182354cb902e1a2a98d64c72ac3a5a1c",
        "dependencies": [
          "jsr:@std/assert@1.0.0-rc.2",
          "jsr:@std/internal@^1.0.0"
        ]
      },
      "@std/http@0.224.5": {
        "integrity": "b03b5d1529f6c423badfb82f6640f9f2557b4034cd7c30655ba5bb447ff750a4"
      },
      "@std/internal@1.0.1": {
        "integrity": "6f8c7544d06a11dd256c8d6ba54b11ed870aac6c5aeafff499892662c57673e6"
      },
      "@std/io@0.224.3": {
        "integrity": "b402edeb99c6b3778d9ae3e9927bc9085b170b41e5a09bbb7064ab2ee394ae2f",
        "dependencies": [
          "jsr:@std/bytes@^1.0.1-rc.3"
        ]
      },
      "@std/path@0.225.2": {
        "integrity": "0f2db41d36b50ef048dcb0399aac720a5348638dd3cb5bf80685bf2a745aa506"
      },
      "@std/streams@0.224.5": {
        "integrity": "bcde7818dd5460d474cdbd674b15f6638b9cd73cd64e52bd852fba2bd4d8ec91",
        "dependencies": [
          "jsr:@std/bytes@^1.0.0-rc.3",
          "jsr:@std/io@^0.224.1"
        ]
      }
    }
  },
  "remote": {},
  "workspace": {
    "dependencies": [
      "jsr:@libs/logger@2",
      "jsr:@libs/testing@2",
      "jsr:@libs/typing@2",
      "jsr:@std/async@0.224.2",
      "jsr:@std/streams@0.224.5"
    ]
  }
}
